
Microsoft Visual Studio Solution File, Format Version 12.00
# Visual Studio Version 17
VisualStudioVersion = 17.11.35222.181
MinimumVisualStudioVersion = 10.0.40219.1
Project("{9A19103F-16F7-4668-BE54-9A1E7A4F7556}") = "Cumulative2", "Cumulative1\Cumulative2.csproj", "{475B5113-F7E6-4BFB-A5D8-1BD1A1BFB308}"
EndProject
Global
	GlobalSection(SolutionConfigurationPlatforms) = preSolution
		Debug|Any CPU = Debug|Any CPU
		Release|Any CPU = Release|Any CPU
	EndGlobalSection
	GlobalSection(ProjectConfigurationPlatforms) = postSolution
		{475B5113-F7E6-4BFB-A5D8-1BD1A1BFB308}.Debug|Any CPU.ActiveCfg = Debug|Any CPU
		{475B5113-F7E6-4BFB-A5D8-1BD1A1BFB308}.Debug|Any CPU.Build.0 = Debug|Any CPU
		{475B5113-F7E6-4BFB-A5D8-1BD1A1BFB308}.Release|Any CPU.ActiveCfg = Release|Any CPU
		{475B5113-F7E6-4BFB-A5D8-1BD1A1BFB308}.Release|Any CPU.Build.0 = Release|Any CPU
	EndGlobalSection
	GlobalSection(SolutionProperties) = preSolution
		HideSolutionNode = FALSE
	EndGlobalSection
	GlobalSection(ExtensibilityGlobals) = postSolution
		SolutionGuid = {7A2E3576-0D8B-461B-BE1B-F11E8FBC3012}
	EndGlobalSection
EndGlobal
